
Microsoft Visual Studio Solution File, Format Version 12.00
# Visual Studio Version 17
VisualStudioVersion = 17.11.35431.28
MinimumVisualStudioVersion = 10.0.40219.1
Project("{FAE04EC0-301F-11D3-BF4B-00C04F79EFBC}") = "Football", "Football\Football.csproj", "{0AE971CE-A738-453A-BB71-2599902CBB44}"
EndProject
Global
	GlobalSection(SolutionConfigurationPlatforms) = preSolution
		Debug|Any CPU = Debug|Any CPU
		Release|Any CPU = Release|Any CPU
	EndGlobalSection
	GlobalSection(ProjectConfigurationPlatforms) = postSolution
		{0AE971CE-A738-453A-BB71-2599902CBB44}.Debug|Any CPU.ActiveCfg = Debug|Any CPU
		{0AE971CE-A738-453A-BB71-2599902CBB44}.Debug|Any CPU.Build.0 = Debug|Any CPU
		{0AE971CE-A738-453A-BB71-2599902CBB44}.Release|Any CPU.ActiveCfg = Release|Any CPU
		{0AE971CE-A738-453A-BB71-2599902CBB44}.Release|Any CPU.Build.0 = Release|Any CPU
	EndGlobalSection
	GlobalSection(SolutionProperties) = preSolution
		HideSolutionNode = FALSE
	EndGlobalSection
	GlobalSection(ExtensibilityGlobals) = postSolution
		SolutionGuid = {C6D48E41-5D19-4016-9957-69CC629DDB80}
	EndGlobalSection
EndGlobal
